
Microsoft Visual Studio Solution File, Format Version 12.00
# Visual Studio Version 16
VisualStudioVersion = 16.0.30225.117
MinimumVisualStudioVersion = 10.0.40219.1
Project("{9A19103F-16F7-4668-BE54-9A1E7A4F7556}") = "Icannsee.Web", "Icannsee.Web\Icannsee.Web.csproj", "{6937E81A-C8E9-460F-9D49-FE3E37C345EB}"
EndProject
Project("{9A19103F-16F7-4668-BE54-9A1E7A4F7556}") = "Icannsee.Tests", "Icannsee.Tests\Icannsee.Tests.csproj", "{A8F32704-DDB2-4E84-B86A-8B5321F966AA}"
EndProject
Project("{9A19103F-16F7-4668-BE54-9A1E7A4F7556}") = "Icannsee.Core", "Icannsee.Core\Icannsee.Core.csproj", "{2A66773A-6D3F-4379-AE1C-D595854D6A31}"
EndProject
Global
	GlobalSection(SolutionConfigurationPlatforms) = preSolution
		Debug|Any CPU = Debug|Any CPU
		Release|Any CPU = Release|Any CPU
	EndGlobalSection
	GlobalSection(ProjectConfigurationPlatforms) = postSolution
		{6937E81A-C8E9-460F-9D49-FE3E37C345EB}.Debug|Any CPU.ActiveCfg = Debug|Any CPU
		{6937E81A-C8E9-460F-9D49-FE3E37C345EB}.Debug|Any CPU.Build.0 = Debug|Any CPU
		{6937E81A-C8E9-460F-9D49-FE3E37C345EB}.Release|Any CPU.ActiveCfg = Release|Any CPU
		{6937E81A-C8E9-460F-9D49-FE3E37C345EB}.Release|Any CPU.Build.0 = Release|Any CPU
		{A8F32704-DDB2-4E84-B86A-8B5321F966AA}.Debug|Any CPU.ActiveCfg = Debug|Any CPU
		{A8F32704-DDB2-4E84-B86A-8B5321F966AA}.Debug|Any CPU.Build.0 = Debug|Any CPU
		{A8F32704-DDB2-4E84-B86A-8B5321F966AA}.Release|Any CPU.ActiveCfg = Release|Any CPU
		{A8F32704-DDB2-4E84-B86A-8B5321F966AA}.Release|Any CPU.Build.0 = Release|Any CPU
		{2A66773A-6D3F-4379-AE1C-D595854D6A31}.Debug|Any CPU.ActiveCfg = Debug|Any CPU
		{2A66773A-6D3F-4379-AE1C-D595854D6A31}.Debug|Any CPU.Build.0 = Debug|Any CPU
		{2A66773A-6D3F-4379-AE1C-D595854D6A31}.Release|Any CPU.ActiveCfg = Release|Any CPU
		{2A66773A-6D3F-4379-AE1C-D595854D6A31}.Release|Any CPU.Build.0 = Release|Any CPU
	EndGlobalSection
	GlobalSection(SolutionProperties) = preSolution
		HideSolutionNode = FALSE
	EndGlobalSection
	GlobalSection(ExtensibilityGlobals) = postSolution
		SolutionGuid = {1350EB08-6488-40C4-8885-C108E34BF6C8}
	EndGlobalSection
EndGlobal
